// !$*UTF8*$!
{
	archiveVersion = 1;
	classes = {
	};
	objectVersion = 50;
	objects = {

/* Begin PBXBuildFile section */
		041462EA24053C5900C4D152 /* ChatModel.swift in Sources */ = {isa = PBXBuildFile; fileRef = 041462E924053C5900C4D152 /* ChatModel.swift */; };
		041462EC240548CB00C4D152 /* ChatStore.swift in Sources */ = {isa = PBXBuildFile; fileRef = 041462EB240548CB00C4D152 /* ChatStore.swift */; };
		041462EE240555D900C4D152 /* MessageEncrptHelper.swift in Sources */ = {isa = PBXBuildFile; fileRef = 041462ED240555D900C4D152 /* MessageEncrptHelper.swift */; };
		04E2465D23C30AFF0054F441 /* AppDelegate.swift in Sources */ = {isa = PBXBuildFile; fileRef = 04E2465C23C30AFF0054F441 /* AppDelegate.swift */; };
		04E2465F23C30AFF0054F441 /* SceneDelegate.swift in Sources */ = {isa = PBXBuildFile; fileRef = 04E2465E23C30AFF0054F441 /* SceneDelegate.swift */; };
		04E2466123C30AFF0054F441 /* ViewController.swift in Sources */ = {isa = PBXBuildFile; fileRef = 04E2466023C30AFF0054F441 /* ViewController.swift */; };
		04E2466423C30AFF0054F441 /* Main.storyboard in Resources */ = {isa = PBXBuildFile; fileRef = 04E2466223C30AFF0054F441 /* Main.storyboard */; };
		04E2466623C30B010054F441 /* Assets.xcassets in Resources */ = {isa = PBXBuildFile; fileRef = 04E2466523C30B010054F441 /* Assets.xcassets */; };
		04E2466923C30B010054F441 /* LaunchScreen.storyboard in Resources */ = {isa = PBXBuildFile; fileRef = 04E2466723C30B010054F441 /* LaunchScreen.storyboard */; };
		04E2467423C30B010054F441 /* chatDemoTests.swift in Sources */ = {isa = PBXBuildFile; fileRef = 04E2467323C30B010054F441 /* chatDemoTests.swift */; };
		04E2467F23C30B010054F441 /* chatDemoUITests.swift in Sources */ = {isa = PBXBuildFile; fileRef = 04E2467E23C30B010054F441 /* chatDemoUITests.swift */; };
		04E2468E23C30B8B0054F441 /* TigaseSwift.framework in Frameworks */ = {isa = PBXBuildFile; fileRef = 04E2468D23C30B8B0054F441 /* TigaseSwift.framework */; };
		04E2468F23C30B8B0054F441 /* TigaseSwift.framework in Embed Frameworks */ = {isa = PBXBuildFile; fileRef = 04E2468D23C30B8B0054F441 /* TigaseSwift.framework */; settings = {ATTRIBUTES = (CodeSignOnCopy, RemoveHeadersOnCopy, ); }; };
		04E2469323C30DAE0054F441 /* libresolv.tbd in Frameworks */ = {isa = PBXBuildFile; fileRef = 04E2469123C30C6F0054F441 /* libresolv.tbd */; };
		04E2469823C5B1510054F441 /* CustomKeyStore.swift in Sources */ = {isa = PBXBuildFile; fileRef = 04E2469723C5B1510054F441 /* CustomKeyStore.swift */; };
		04E2469F23C5B2060054F441 /* TestSenderKeyStore.swift in Sources */ = {isa = PBXBuildFile; fileRef = 04E2469923C5B2050054F441 /* TestSenderKeyStore.swift */; };
		04E246A023C5B2060054F441 /* SignalSenderKeyName.swift in Sources */ = {isa = PBXBuildFile; fileRef = 04E2469A23C5B2050054F441 /* SignalSenderKeyName.swift */; };
		04E246A123C5B2060054F441 /* TestPreKeyStore.swift in Sources */ = {isa = PBXBuildFile; fileRef = 04E2469B23C5B2060054F441 /* TestPreKeyStore.swift */; };
		04E246A223C5B2060054F441 /* TestIdentityStore.swift in Sources */ = {isa = PBXBuildFile; fileRef = 04E2469C23C5B2060054F441 /* TestIdentityStore.swift */; };
		04E246A323C5B2060054F441 /* TestSessionStore.swift in Sources */ = {isa = PBXBuildFile; fileRef = 04E2469D23C5B2060054F441 /* TestSessionStore.swift */; };
		04E246A423C5B2060054F441 /* SignalAddress.swift in Sources */ = {isa = PBXBuildFile; fileRef = 04E2469E23C5B2060054F441 /* SignalAddress.swift */; };
		04E246A623C5B2BF0054F441 /* TestSignedPreKeyStore.swift in Sources */ = {isa = PBXBuildFile; fileRef = 04E246A523C5B2BF0054F441 /* TestSignedPreKeyStore.swift */; };
		04E246BA23C5C2780054F441 /* SignalProtocol.framework in Frameworks */ = {isa = PBXBuildFile; fileRef = 04E2469423C5ADF50054F441 /* SignalProtocol.framework */; };
		04E246BB23C5C2780054F441 /* SignalProtocol.framework in Embed Frameworks */ = {isa = PBXBuildFile; fileRef = 04E2469423C5ADF50054F441 /* SignalProtocol.framework */; settings = {ATTRIBUTES = (CodeSignOnCopy, RemoveHeadersOnCopy, ); }; };
		04E246C023C5EAC90054F441 /* SwiftProtobuf.framework in Frameworks */ = {isa = PBXBuildFile; fileRef = 04E246BC23C5EAC70054F441 /* SwiftProtobuf.framework */; };
		04E246C123C5EAC90054F441 /* SwiftProtobuf.framework in Embed Frameworks */ = {isa = PBXBuildFile; fileRef = 04E246BC23C5EAC70054F441 /* SwiftProtobuf.framework */; settings = {ATTRIBUTES = (CodeSignOnCopy, RemoveHeadersOnCopy, ); }; };
		04E246C223C5EAC90054F441 /* CommonCryptoModule.framework in Frameworks */ = {isa = PBXBuildFile; fileRef = 04E246BD23C5EAC80054F441 /* CommonCryptoModule.framework */; };
		04E246C323C5EAC90054F441 /* CommonCryptoModule.framework in Embed Frameworks */ = {isa = PBXBuildFile; fileRef = 04E246BD23C5EAC80054F441 /* CommonCryptoModule.framework */; settings = {ATTRIBUTES = (CodeSignOnCopy, RemoveHeadersOnCopy, ); }; };
		04E246C423C5EAC90054F441 /* Pods_LibSignalProtocolSwift_SignalProtocol_iOS.framework in Frameworks */ = {isa = PBXBuildFile; fileRef = 04E246BE23C5EAC80054F441 /* Pods_LibSignalProtocolSwift_SignalProtocol_iOS.framework */; };
		04E246C523C5EAC90054F441 /* Pods_LibSignalProtocolSwift_SignalProtocol_iOS.framework in Embed Frameworks */ = {isa = PBXBuildFile; fileRef = 04E246BE23C5EAC80054F441 /* Pods_LibSignalProtocolSwift_SignalProtocol_iOS.framework */; settings = {ATTRIBUTES = (CodeSignOnCopy, RemoveHeadersOnCopy, ); }; };
		04E246C623C5EAC90054F441 /* Curve25519.framework in Frameworks */ = {isa = PBXBuildFile; fileRef = 04E246BF23C5EAC80054F441 /* Curve25519.framework */; };
		04E246C723C5EAC90054F441 /* Curve25519.framework in Embed Frameworks */ = {isa = PBXBuildFile; fileRef = 04E246BF23C5EAC80054F441 /* Curve25519.framework */; settings = {ATTRIBUTES = (CodeSignOnCopy, RemoveHeadersOnCopy, ); }; };
/* End PBXBuildFile section */

/* Begin PBXContainerItemProxy section */
		04E2467023C30B010054F441 /* PBXContainerItemProxy */ = {
			isa = PBXContainerItemProxy;
			containerPortal = 04E2465123C30AFF0054F441 /* Project object */;
			proxyType = 1;
			remoteGlobalIDString = 04E2465823C30AFF0054F441;
			remoteInfo = chatDemo;
		};
		04E2467B23C30B010054F441 /* PBXContainerItemProxy */ = {
			isa = PBXContainerItemProxy;
			containerPortal = 04E2465123C30AFF0054F441 /* Project object */;
			proxyType = 1;
			remoteGlobalIDString = 04E2465823C30AFF0054F441;
			remoteInfo = chatDemo;
		};
/* End PBXContainerItemProxy section */

/* Begin PBXCopyFilesBuildPhase section */
		04E2469023C30B8C0054F441 /* Embed Frameworks */ = {
			isa = PBXCopyFilesBuildPhase;
			buildActionMask = 2147483647;
			dstPath = "";
			dstSubfolderSpec = 10;
			files = (
				04E246C323C5EAC90054F441 /* CommonCryptoModule.framework in Embed Frameworks */,
				04E246BB23C5C2780054F441 /* SignalProtocol.framework in Embed Frameworks */,
				04E246C123C5EAC90054F441 /* SwiftProtobuf.framework in Embed Frameworks */,
				04E246C523C5EAC90054F441 /* Pods_LibSignalProtocolSwift_SignalProtocol_iOS.framework in Embed Frameworks */,
				04E2468F23C30B8B0054F441 /* TigaseSwift.framework in Embed Frameworks */,
				04E246C723C5EAC90054F441 /* Curve25519.framework in Embed Frameworks */,
			);
			name = "Embed Frameworks";
			runOnlyForDeploymentPostprocessing = 0;
		};
/* End PBXCopyFilesBuildPhase section */

/* Begin PBXFileReference section */
		041462E924053C5900C4D152 /* ChatModel.swift */ = {isa = PBXFileReference; lastKnownFileType = sourcecode.swift; path = ChatModel.swift; sourceTree = "<group>"; };
		041462EB240548CB00C4D152 /* ChatStore.swift */ = {isa = PBXFileReference; lastKnownFileType = sourcecode.swift; path = ChatStore.swift; sourceTree = "<group>"; };
		041462ED240555D900C4D152 /* MessageEncrptHelper.swift */ = {isa = PBXFileReference; lastKnownFileType = sourcecode.swift; path = MessageEncrptHelper.swift; sourceTree = "<group>"; };
		04E2465923C30AFF0054F441 /* chatDemo.app */ = {isa = PBXFileReference; explicitFileType = wrapper.application; includeInIndex = 0; path = chatDemo.app; sourceTree = BUILT_PRODUCTS_DIR; };
		04E2465C23C30AFF0054F441 /* AppDelegate.swift */ = {isa = PBXFileReference; lastKnownFileType = sourcecode.swift; path = AppDelegate.swift; sourceTree = "<group>"; };
		04E2465E23C30AFF0054F441 /* SceneDelegate.swift */ = {isa = PBXFileReference; lastKnownFileType = sourcecode.swift; path = SceneDelegate.swift; sourceTree = "<group>"; };
		04E2466023C30AFF0054F441 /* ViewController.swift */ = {isa = PBXFileReference; lastKnownFileType = sourcecode.swift; path = ViewController.swift; sourceTree = "<group>"; };
		04E2466323C30AFF0054F441 /* Base */ = {isa = PBXFileReference; lastKnownFileType = file.storyboard; name = Base; path = Base.lproj/Main.storyboard; sourceTree = "<group>"; };
		04E2466523C30B010054F441 /* Assets.xcassets */ = {isa = PBXFileReference; lastKnownFileType = folder.assetcatalog; path = Assets.xcassets; sourceTree = "<group>"; };
		04E2466823C30B010054F441 /* Base */ = {isa = PBXFileReference; lastKnownFileType = file.storyboard; name = Base; path = Base.lproj/LaunchScreen.storyboard; sourceTree = "<group>"; };
		04E2466A23C30B010054F441 /* Info.plist */ = {isa = PBXFileReference; lastKnownFileType = text.plist.xml; path = Info.plist; sourceTree = "<group>"; };
		04E2466F23C30B010054F441 /* chatDemoTests.xctest */ = {isa = PBXFileReference; explicitFileType = wrapper.cfbundle; includeInIndex = 0; path = chatDemoTests.xctest; sourceTree = BUILT_PRODUCTS_DIR; };
		04E2467323C30B010054F441 /* chatDemoTests.swift */ = {isa = PBXFileReference; lastKnownFileType = sourcecode.swift; path = chatDemoTests.swift; sourceTree = "<group>"; };
		04E2467523C30B010054F441 /* Info.plist */ = {isa = PBXFileReference; lastKnownFileType = text.plist.xml; path = Info.plist; sourceTree = "<group>"; };
		04E2467A23C30B010054F441 /* chatDemoUITests.xctest */ = {isa = PBXFileReference; explicitFileType = wrapper.cfbundle; includeInIndex = 0; path = chatDemoUITests.xctest; sourceTree = BUILT_PRODUCTS_DIR; };
		04E2467E23C30B010054F441 /* chatDemoUITests.swift */ = {isa = PBXFileReference; lastKnownFileType = sourcecode.swift; path = chatDemoUITests.swift; sourceTree = "<group>"; };
		04E2468023C30B010054F441 /* Info.plist */ = {isa = PBXFileReference; lastKnownFileType = text.plist.xml; path = Info.plist; sourceTree = "<group>"; };
		04E2468D23C30B8B0054F441 /* TigaseSwift.framework */ = {isa = PBXFileReference; lastKnownFileType = wrapper.framework; path = TigaseSwift.framework; sourceTree = "<group>"; };
		04E2469123C30C6F0054F441 /* libresolv.tbd */ = {isa = PBXFileReference; lastKnownFileType = "sourcecode.text-based-dylib-definition"; name = libresolv.tbd; path = usr/lib/libresolv.tbd; sourceTree = SDKROOT; };
		04E2469423C5ADF50054F441 /* SignalProtocol.framework */ = {isa = PBXFileReference; lastKnownFileType = wrapper.framework; path = SignalProtocol.framework; sourceTree = "<group>"; };
		04E2469723C5B1510054F441 /* CustomKeyStore.swift */ = {isa = PBXFileReference; lastKnownFileType = sourcecode.swift; path = CustomKeyStore.swift; sourceTree = "<group>"; };
		04E2469923C5B2050054F441 /* TestSenderKeyStore.swift */ = {isa = PBXFileReference; fileEncoding = 4; lastKnownFileType = sourcecode.swift; path = TestSenderKeyStore.swift; sourceTree = "<group>"; };
		04E2469A23C5B2050054F441 /* SignalSenderKeyName.swift */ = {isa = PBXFileReference; fileEncoding = 4; lastKnownFileType = sourcecode.swift; path = SignalSenderKeyName.swift; sourceTree = "<group>"; };
		04E2469B23C5B2060054F441 /* TestPreKeyStore.swift */ = {isa = PBXFileReference; fileEncoding = 4; lastKnownFileType = sourcecode.swift; path = TestPreKeyStore.swift; sourceTree = "<group>"; };
		04E2469C23C5B2060054F441 /* TestIdentityStore.swift */ = {isa = PBXFileReference; fileEncoding = 4; lastKnownFileType = sourcecode.swift; path = TestIdentityStore.swift; sourceTree = "<group>"; };
		04E2469D23C5B2060054F441 /* TestSessionStore.swift */ = {isa = PBXFileReference; fileEncoding = 4; lastKnownFileType = sourcecode.swift; path = TestSessionStore.swift; sourceTree = "<group>"; };
		04E2469E23C5B2060054F441 /* SignalAddress.swift */ = {isa = PBXFileReference; fileEncoding = 4; lastKnownFileType = sourcecode.swift; path = SignalAddress.swift; sourceTree = "<group>"; };
		04E246A523C5B2BF0054F441 /* TestSignedPreKeyStore.swift */ = {isa = PBXFileReference; fileEncoding = 4; lastKnownFileType = sourcecode.swift; path = TestSignedPreKeyStore.swift; sourceTree = "<group>"; };
		04E246BC23C5EAC70054F441 /* SwiftProtobuf.framework */ = {isa = PBXFileReference; lastKnownFileType = wrapper.framework; path = SwiftProtobuf.framework; sourceTree = "<group>"; };
		04E246BD23C5EAC80054F441 /* CommonCryptoModule.framework */ = {isa = PBXFileReference; lastKnownFileType = wrapper.framework; path = CommonCryptoModule.framework; sourceTree = "<group>"; };
		04E246BE23C5EAC80054F441 /* Pods_LibSignalProtocolSwift_SignalProtocol_iOS.framework */ = {isa = PBXFileReference; lastKnownFileType = wrapper.framework; path = Pods_LibSignalProtocolSwift_SignalProtocol_iOS.framework; sourceTree = "<group>"; };
		04E246BF23C5EAC80054F441 /* Curve25519.framework */ = {isa = PBXFileReference; lastKnownFileType = wrapper.framework; path = Curve25519.framework; sourceTree = "<group>"; };
/* End PBXFileReference section */

/* Begin PBXFrameworksBuildPhase section */
		04E2465623C30AFF0054F441 /* Frameworks */ = {
			isa = PBXFrameworksBuildPhase;
			buildActionMask = 2147483647;
			files = (
				04E2468E23C30B8B0054F441 /* TigaseSwift.framework in Frameworks */,
				04E246C223C5EAC90054F441 /* CommonCryptoModule.framework in Frameworks */,
				04E246C623C5EAC90054F441 /* Curve25519.framework in Frameworks */,
				04E246C023C5EAC90054F441 /* SwiftProtobuf.framework in Frameworks */,
				04E246BA23C5C2780054F441 /* SignalProtocol.framework in Frameworks */,
				04E246C423C5EAC90054F441 /* Pods_LibSignalProtocolSwift_SignalProtocol_iOS.framework in Frameworks */,
				04E2469323C30DAE0054F441 /* libresolv.tbd in Frameworks */,
			);
			runOnlyForDeploymentPostprocessing = 0;
		};
		04E2466C23C30B010054F441 /* Frameworks */ = {
			isa = PBXFrameworksBuildPhase;
			buildActionMask = 2147483647;
			files = (
			);
			runOnlyForDeploymentPostprocessing = 0;
		};
		04E2467723C30B010054F441 /* Frameworks */ = {
			isa = PBXFrameworksBuildPhase;
			buildActionMask = 2147483647;
			files = (
			);
			runOnlyForDeploymentPostprocessing = 0;
		};
/* End PBXFrameworksBuildPhase section */

/* Begin PBXGroup section */
		04E2465023C30AFF0054F441 = {
			isa = PBXGroup;
			children = (
				04E2465B23C30AFF0054F441 /* chatDemo */,
				04E2467223C30B010054F441 /* chatDemoTests */,
				04E2467D23C30B010054F441 /* chatDemoUITests */,
				04E2465A23C30AFF0054F441 /* Products */,
				04E2468C23C30B8B0054F441 /* Frameworks */,
			);
			sourceTree = "<group>";
		};
		04E2465A23C30AFF0054F441 /* Products */ = {
			isa = PBXGroup;
			children = (
				04E2465923C30AFF0054F441 /* chatDemo.app */,
				04E2466F23C30B010054F441 /* chatDemoTests.xctest */,
				04E2467A23C30B010054F441 /* chatDemoUITests.xctest */,
			);
			name = Products;
			sourceTree = "<group>";
		};
		04E2465B23C30AFF0054F441 /* chatDemo */ = {
			isa = PBXGroup;
			children = (
				04E2469E23C5B2060054F441 /* SignalAddress.swift */,
				04E2469A23C5B2050054F441 /* SignalSenderKeyName.swift */,
				041462EB240548CB00C4D152 /* ChatStore.swift */,
				04E2469C23C5B2060054F441 /* TestIdentityStore.swift */,
				04E2469B23C5B2060054F441 /* TestPreKeyStore.swift */,
				04E2469923C5B2050054F441 /* TestSenderKeyStore.swift */,
				04E2469D23C5B2060054F441 /* TestSessionStore.swift */,
				04E246A523C5B2BF0054F441 /* TestSignedPreKeyStore.swift */,
				04E2465C23C30AFF0054F441 /* AppDelegate.swift */,
				04E2465E23C30AFF0054F441 /* SceneDelegate.swift */,
				04E2466023C30AFF0054F441 /* ViewController.swift */,
				04E2466223C30AFF0054F441 /* Main.storyboard */,
				04E2466523C30B010054F441 /* Assets.xcassets */,
				04E2466723C30B010054F441 /* LaunchScreen.storyboard */,
				04E2466A23C30B010054F441 /* Info.plist */,
				04E2469723C5B1510054F441 /* CustomKeyStore.swift */,
				041462E924053C5900C4D152 /* ChatModel.swift */,
				041462ED240555D900C4D152 /* MessageEncrptHelper.swift */,
			);
			path = chatDemo;
			sourceTree = "<group>";
		};
		04E2467223C30B010054F441 /* chatDemoTests */ = {
			isa = PBXGroup;
			children = (
				04E2467323C30B010054F441 /* chatDemoTests.swift */,
				04E2467523C30B010054F441 /* Info.plist */,
			);
			path = chatDemoTests;
			sourceTree = "<group>";
		};
		04E2467D23C30B010054F441 /* chatDemoUITests */ = {
			isa = PBXGroup;
			children = (
				04E2467E23C30B010054F441 /* chatDemoUITests.swift */,
				04E2468023C30B010054F441 /* Info.plist */,
			);
			path = chatDemoUITests;
			sourceTree = "<group>";
		};
		04E2468C23C30B8B0054F441 /* Frameworks */ = {
			isa = PBXGroup;
			children = (
				04E246BD23C5EAC80054F441 /* CommonCryptoModule.framework */,
				04E246BF23C5EAC80054F441 /* Curve25519.framework */,
				04E246BE23C5EAC80054F441 /* Pods_LibSignalProtocolSwift_SignalProtocol_iOS.framework */,
				04E246BC23C5EAC70054F441 /* SwiftProtobuf.framework */,
				04E2469423C5ADF50054F441 /* SignalProtocol.framework */,
				04E2469123C30C6F0054F441 /* libresolv.tbd */,
				04E2468D23C30B8B0054F441 /* TigaseSwift.framework */,
			);
			name = Frameworks;
			sourceTree = "<group>";
		};
/* End PBXGroup section */

/* Begin PBXNativeTarget section */
		04E2465823C30AFF0054F441 /* chatDemo */ = {
			isa = PBXNativeTarget;
			buildConfigurationList = 04E2468323C30B010054F441 /* Build configuration list for PBXNativeTarget "chatDemo" */;
			buildPhases = (
				04E2465523C30AFF0054F441 /* Sources */,
				04E2465623C30AFF0054F441 /* Frameworks */,
				04E2465723C30AFF0054F441 /* Resources */,
				04E2469023C30B8C0054F441 /* Embed Frameworks */,
			);
			buildRules = (
			);
			dependencies = (
			);
			name = chatDemo;
			productName = chatDemo;
			productReference = 04E2465923C30AFF0054F441 /* chatDemo.app */;
			productType = "com.apple.product-type.application";
		};
		04E2466E23C30B010054F441 /* chatDemoTests */ = {
			isa = PBXNativeTarget;
			buildConfigurationList = 04E2468623C30B010054F441 /* Build configuration list for PBXNativeTarget "chatDemoTests" */;
			buildPhases = (
				04E2466B23C30B010054F441 /* Sources */,
				04E2466C23C30B010054F441 /* Frameworks */,
				04E2466D23C30B010054F441 /* Resources */,
			);
			buildRules = (
			);
			dependencies = (
				04E2467123C30B010054F441 /* PBXTargetDependency */,
			);
			name = chatDemoTests;
			productName = chatDemoTests;
			productReference = 04E2466F23C30B010054F441 /* chatDemoTests.xctest */;
			productType = "com.apple.product-type.bundle.unit-test";
		};
		04E2467923C30B010054F441 /* chatDemoUITests */ = {
			isa = PBXNativeTarget;
			buildConfigurationList = 04E2468923C30B010054F441 /* Build configuration list for PBXNativeTarget "chatDemoUITests" */;
			buildPhases = (
				04E2467623C30B010054F441 /* Sources */,
				04E2467723C30B010054F441 /* Frameworks */,
				04E2467823C30B010054F441 /* Resources */,
			);
			buildRules = (
			);
			dependencies = (
				04E2467C23C30B010054F441 /* PBXTargetDependency */,
			);
			name = chatDemoUITests;
			productName = chatDemoUITests;
			productReference = 04E2467A23C30B010054F441 /* chatDemoUITests.xctest */;
			productType = "com.apple.product-type.bundle.ui-testing";
		};
/* End PBXNativeTarget section */

/* Begin PBXProject section */
		04E2465123C30AFF0054F441 /* Project object */ = {
			isa = PBXProject;
			attributes = {
				LastSwiftUpdateCheck = 1130;
				LastUpgradeCheck = 1130;
				ORGANIZATIONNAME = mac;
				TargetAttributes = {
					04E2465823C30AFF0054F441 = {
						CreatedOnToolsVersion = 11.3;
					};
					04E2466E23C30B010054F441 = {
						CreatedOnToolsVersion = 11.3;
						TestTargetID = 04E2465823C30AFF0054F441;
					};
					04E2467923C30B010054F441 = {
						CreatedOnToolsVersion = 11.3;
						TestTargetID = 04E2465823C30AFF0054F441;
					};
				};
			};
			buildConfigurationList = 04E2465423C30AFF0054F441 /* Build configuration list for PBXProject "chatDemo" */;
			compatibilityVersion = "Xcode 9.3";
			developmentRegion = en;
			hasScannedForEncodings = 0;
			knownRegions = (
				en,
				Base,
			);
			mainGroup = 04E2465023C30AFF0054F441;
			productRefGroup = 04E2465A23C30AFF0054F441 /* Products */;
			projectDirPath = "";
			projectRoot = "";
			targets = (
				04E2465823C30AFF0054F441 /* chatDemo */,
				04E2466E23C30B010054F441 /* chatDemoTests */,
				04E2467923C30B010054F441 /* chatDemoUITests */,
			);
		};
/* End PBXProject section */

/* Begin PBXResourcesBuildPhase section */
		04E2465723C30AFF0054F441 /* Resources */ = {
			isa = PBXResourcesBuildPhase;
			buildActionMask = 2147483647;
			files = (
				04E2466923C30B010054F441 /* LaunchScreen.storyboard in Resources */,
				04E2466623C30B010054F441 /* Assets.xcassets in Resources */,
				04E2466423C30AFF0054F441 /* Main.storyboard in Resources */,
			);
			runOnlyForDeploymentPostprocessing = 0;
		};
		04E2466D23C30B010054F441 /* Resources */ = {
			isa = PBXResourcesBuildPhase;
			buildActionMask = 2147483647;
			files = (
			);
			runOnlyForDeploymentPostprocessing = 0;
		};
		04E2467823C30B010054F441 /* Resources */ = {
			isa = PBXResourcesBuildPhase;
			buildActionMask = 2147483647;
			files = (
			);
			runOnlyForDeploymentPostprocessing = 0;
		};
/* End PBXResourcesBuildPhase section */

/* Begin PBXSourcesBuildPhase section */
		04E2465523C30AFF0054F441 /* Sources */ = {
			isa = PBXSourcesBuildPhase;
			buildActionMask = 2147483647;
			files = (
				04E2469823C5B1510054F441 /* CustomKeyStore.swift in Sources */,
				04E246A323C5B2060054F441 /* TestSessionStore.swift in Sources */,
				04E246A423C5B2060054F441 /* SignalAddress.swift in Sources */,
				04E246A223C5B2060054F441 /* TestIdentityStore.swift in Sources */,
				04E2466123C30AFF0054F441 /* ViewController.swift in Sources */,
				041462EC240548CB00C4D152 /* ChatStore.swift in Sources */,
				04E2465D23C30AFF0054F441 /* AppDelegate.swift in Sources */,
				04E246A623C5B2BF0054F441 /* TestSignedPreKeyStore.swift in Sources */,
				04E246A123C5B2060054F441 /* TestPreKeyStore.swift in Sources */,
				041462EE240555D900C4D152 /* MessageEncrptHelper.swift in Sources */,
				04E2465F23C30AFF0054F441 /* SceneDelegate.swift in Sources */,
				04E2469F23C5B2060054F441 /* TestSenderKeyStore.swift in Sources */,
				04E246A023C5B2060054F441 /* SignalSenderKeyName.swift in Sources */,
				041462EA24053C5900C4D152 /* ChatModel.swift in Sources */,
			);
			runOnlyForDeploymentPostprocessing = 0;
		};
		04E2466B23C30B010054F441 /* Sources */ = {
			isa = PBXSourcesBuildPhase;
			buildActionMask = 2147483647;
			files = (
				04E2467423C30B010054F441 /* chatDemoTests.swift in Sources */,
			);
			runOnlyForDeploymentPostprocessing = 0;
		};
		04E2467623C30B010054F441 /* Sources */ = {
			isa = PBXSourcesBuildPhase;
			buildActionMask = 2147483647;
			files = (
				04E2467F23C30B010054F441 /* chatDemoUITests.swift in Sources */,
			);
			runOnlyForDeploymentPostprocessing = 0;
		};
/* End PBXSourcesBuildPhase section */

/* Begin PBXTargetDependency section */
		04E2467123C30B010054F441 /* PBXTargetDependency */ = {
			isa = PBXTargetDependency;
			target = 04E2465823C30AFF0054F441 /* chatDemo */;
			targetProxy = 04E2467023C30B010054F441 /* PBXContainerItemProxy */;
		};
		04E2467C23C30B010054F441 /* PBXTargetDependency */ = {
			isa = PBXTargetDependency;
			target = 04E2465823C30AFF0054F441 /* chatDemo */;
			targetProxy = 04E2467B23C30B010054F441 /* PBXContainerItemProxy */;
		};
/* End PBXTargetDependency section */

/* Begin PBXVariantGroup section */
		04E2466223C30AFF0054F441 /* Main.storyboard */ = {
			isa = PBXVariantGroup;
			children = (
				04E2466323C30AFF0054F441 /* Base */,
			);
			name = Main.storyboard;
			sourceTree = "<group>";
		};
		04E2466723C30B010054F441 /* LaunchScreen.storyboard */ = {
			isa = PBXVariantGroup;
			children = (
				04E2466823C30B010054F441 /* Base */,
			);
			name = LaunchScreen.storyboard;
			sourceTree = "<group>";
		};
/* End PBXVariantGroup section */

/* Begin XCBuildConfiguration section */
		04E2468123C30B010054F441 /* Debug */ = {
			isa = XCBuildConfiguration;
			buildSettings = {
				ALWAYS_SEARCH_USER_PATHS = NO;
				CLANG_ANALYZER_NONNULL = YES;
				CLANG_ANALYZER_NUMBER_OBJECT_CONVERSION = YES_AGGRESSIVE;
				CLANG_CXX_LANGUAGE_STANDARD = "gnu++14";
				CLANG_CXX_LIBRARY = "libc++";
				CLANG_ENABLE_MODULES = YES;
				CLANG_ENABLE_OBJC_ARC = YES;
				CLANG_ENABLE_OBJC_WEAK = YES;
				CLANG_WARN_BLOCK_CAPTURE_AUTORELEASING = YES;
				CLANG_WARN_BOOL_CONVERSION = YES;
				CLANG_WARN_COMMA = YES;
				CLANG_WARN_CONSTANT_CONVERSION = YES;
				CLANG_WARN_DEPRECATED_OBJC_IMPLEMENTATIONS = YES;
				CLANG_WARN_DIRECT_OBJC_ISA_USAGE = YES_ERROR;
				CLANG_WARN_DOCUMENTATION_COMMENTS = YES;
				CLANG_WARN_EMPTY_BODY = YES;
				CLANG_WARN_ENUM_CONVERSION = YES;
				CLANG_WARN_INFINITE_RECURSION = YES;
				CLANG_WARN_INT_CONVERSION = YES;
				CLANG_WARN_NON_LITERAL_NULL_CONVERSION = YES;
				CLANG_WARN_OBJC_IMPLICIT_RETAIN_SELF = YES;
				CLANG_WARN_OBJC_LITERAL_CONVERSION = YES;
				CLANG_WARN_OBJC_ROOT_CLASS = YES_ERROR;
				CLANG_WARN_RANGE_LOOP_ANALYSIS = YES;
				CLANG_WARN_STRICT_PROTOTYPES = YES;
				CLANG_WARN_SUSPICIOUS_MOVE = YES;
				CLANG_WARN_UNGUARDED_AVAILABILITY = YES_AGGRESSIVE;
				CLANG_WARN_UNREACHABLE_CODE = YES;
				CLANG_WARN__DUPLICATE_METHOD_MATCH = YES;
				COPY_PHASE_STRIP = NO;
				DEBUG_INFORMATION_FORMAT = dwarf;
				ENABLE_STRICT_OBJC_MSGSEND = YES;
				ENABLE_TESTABILITY = YES;
				GCC_C_LANGUAGE_STANDARD = gnu11;
				GCC_DYNAMIC_NO_PIC = NO;
				GCC_NO_COMMON_BLOCKS = YES;
				GCC_OPTIMIZATION_LEVEL = 0;
				GCC_PREPROCESSOR_DEFINITIONS = (
					"DEBUG=1",
					"$(inherited)",
				);
				GCC_WARN_64_TO_32_BIT_CONVERSION = YES;
				GCC_WARN_ABOUT_RETURN_TYPE = YES_ERROR;
				GCC_WARN_UNDECLARED_SELECTOR = YES;
				GCC_WARN_UNINITIALIZED_AUTOS = YES_AGGRESSIVE;
				GCC_WARN_UNUSED_FUNCTION = YES;
				GCC_WARN_UNUSED_VARIABLE = YES;
				IPHONEOS_DEPLOYMENT_TARGET = 13.2;
				MTL_ENABLE_DEBUG_INFO = INCLUDE_SOURCE;
				MTL_FAST_MATH = YES;
				ONLY_ACTIVE_ARCH = YES;
				SDKROOT = iphoneos;
				SWIFT_ACTIVE_COMPILATION_CONDITIONS = DEBUG;
				SWIFT_OPTIMIZATION_LEVEL = "-Onone";
			};
			name = Debug;
		};
		04E2468223C30B010054F441 /* Release */ = {
			isa = XCBuildConfiguration;
			buildSettings = {
				ALWAYS_SEARCH_USER_PATHS = NO;
				CLANG_ANALYZER_NONNULL = YES;
				CLANG_ANALYZER_NUMBER_OBJECT_CONVERSION = YES_AGGRESSIVE;
				CLANG_CXX_LANGUAGE_STANDARD = "gnu++14";
				CLANG_CXX_LIBRARY = "libc++";
				CLANG_ENABLE_MODULES = YES;
				CLANG_ENABLE_OBJC_ARC = YES;
				CLANG_ENABLE_OBJC_WEAK = YES;
				CLANG_WARN_BLOCK_CAPTURE_AUTORELEASING = YES;
				CLANG_WARN_BOOL_CONVERSION = YES;
				CLANG_WARN_COMMA = YES;
				CLANG_WARN_CONSTANT_CONVERSION = YES;
				CLANG_WARN_DEPRECATED_OBJC_IMPLEMENTATIONS = YES;
				CLANG_WARN_DIRECT_OBJC_ISA_USAGE = YES_ERROR;
				CLANG_WARN_DOCUMENTATION_COMMENTS = YES;
				CLANG_WARN_EMPTY_BODY = YES;
				CLANG_WARN_ENUM_CONVERSION = YES;
				CLANG_WARN_INFINITE_RECURSION = YES;
				CLANG_WARN_INT_CONVERSION = YES;
				CLANG_WARN_NON_LITERAL_NULL_CONVERSION = YES;
				CLANG_WARN_OBJC_IMPLICIT_RETAIN_SELF = YES;
				CLANG_WARN_OBJC_LITERAL_CONVERSION = YES;
				CLANG_WARN_OBJC_ROOT_CLASS = YES_ERROR;
				CLANG_WARN_RANGE_LOOP_ANALYSIS = YES;
				CLANG_WARN_STRICT_PROTOTYPES = YES;
				CLANG_WARN_SUSPICIOUS_MOVE = YES;
				CLANG_WARN_UNGUARDED_AVAILABILITY = YES_AGGRESSIVE;
				CLANG_WARN_UNREACHABLE_CODE = YES;
				CLANG_WARN__DUPLICATE_METHOD_MATCH = YES;
				COPY_PHASE_STRIP = NO;
				DEBUG_INFORMATION_FORMAT = "dwarf-with-dsym";
				ENABLE_NS_ASSERTIONS = NO;
				ENABLE_STRICT_OBJC_MSGSEND = YES;
				GCC_C_LANGUAGE_STANDARD = gnu11;
				GCC_NO_COMMON_BLOCKS = YES;
				GCC_WARN_64_TO_32_BIT_CONVERSION = YES;
				GCC_WARN_ABOUT_RETURN_TYPE = YES_ERROR;
				GCC_WARN_UNDECLARED_SELECTOR = YES;
				GCC_WARN_UNINITIALIZED_AUTOS = YES_AGGRESSIVE;
				GCC_WARN_UNUSED_FUNCTION = YES;
				GCC_WARN_UNUSED_VARIABLE = YES;
				IPHONEOS_DEPLOYMENT_TARGET = 13.2;
				MTL_ENABLE_DEBUG_INFO = NO;
				MTL_FAST_MATH = YES;
				SDKROOT = iphoneos;
				SWIFT_COMPILATION_MODE = wholemodule;
				SWIFT_OPTIMIZATION_LEVEL = "-O";
				VALIDATE_PRODUCT = YES;
			};
			name = Release;
		};
		04E2468423C30B010054F441 /* Debug */ = {
			isa = XCBuildConfiguration;
			buildSettings = {
				ASSETCATALOG_COMPILER_APPICON_NAME = AppIcon;
				CODE_SIGN_STYLE = Automatic;
				DEVELOPMENT_TEAM = ADP4VPSRLG;
				FRAMEWORK_SEARCH_PATHS = (
					"$(inherited)",
					"$(PROJECT_DIR)",
				);
				HEADER_SEARCH_PATHS = "$(SDKROOT)/usr/include/libxml2";
				INFOPLIST_FILE = chatDemo/Info.plist;
				IPHONEOS_DEPLOYMENT_TARGET = 12.0;
				LD_RUNPATH_SEARCH_PATHS = (
					"$(inherited)",
					"@executable_path/Frameworks",
				);
				OTHER_LDFLAGS = "-lxml2";
				PRODUCT_BUNDLE_IDENTIFIER = com.james.chatDemo;
				PRODUCT_NAME = "$(TARGET_NAME)";
				SWIFT_VERSION = 5.0;
				TARGETED_DEVICE_FAMILY = "1,2";
			};
			name = Debug;
		};
		04E2468523C30B010054F441 /* Release */ = {
			isa = XCBuildConfiguration;
			buildSettings = {
				ASSETCATALOG_COMPILER_APPICON_NAME = AppIcon;
				CODE_SIGN_STYLE = Automatic;
				DEVELOPMENT_TEAM = ADP4VPSRLG;
				FRAMEWORK_SEARCH_PATHS = (
					"$(inherited)",
					"$(PROJECT_DIR)",
				);
				HEADER_SEARCH_PATHS = "$(SDKROOT)/usr/include/libxml2";
				INFOPLIST_FILE = chatDemo/Info.plist;
				IPHONEOS_DEPLOYMENT_TARGET = 12.0;
				LD_RUNPATH_SEARCH_PATHS = (
					"$(inherited)",
					"@executable_path/Frameworks",
				);
				OTHER_LDFLAGS = "-lxml2";
				PRODUCT_BUNDLE_IDENTIFIER = com.james.chatDemo;
				PRODUCT_NAME = "$(TARGET_NAME)";
				SWIFT_VERSION = 5.0;
				TARGETED_DEVICE_FAMILY = "1,2";
			};
			name = Release;
		};
		04E2468723C30B010054F441 /* Debug */ = {
			isa = XCBuildConfiguration;
			buildSettings = {
				ALWAYS_EMBED_SWIFT_STANDARD_LIBRARIES = YES;
				BUNDLE_LOADER = "$(TEST_HOST)";
				CODE_SIGN_STYLE = Automatic;
				DEVELOPMENT_TEAM = ADP4VPSRLG;
				INFOPLIST_FILE = chatDemoTests/Info.plist;
				IPHONEOS_DEPLOYMENT_TARGET = 13.2;
				LD_RUNPATH_SEARCH_PATHS = (
					"$(inherited)",
					"@executable_path/Frameworks",
					"@loader_path/Frameworks",
				);
				PRODUCT_BUNDLE_IDENTIFIER = com.james.chatDemoTests;
				PRODUCT_NAME = "$(TARGET_NAME)";
				SWIFT_VERSION = 5.0;
				TARGETED_DEVICE_FAMILY = "1,2";
				TEST_HOST = "$(BUILT_PRODUCTS_DIR)/chatDemo.app/chatDemo";
			};
			name = Debug;
		};
		04E2468823C30B010054F441 /* Release */ = {
			isa = XCBuildConfiguration;
			buildSettings = {
				ALWAYS_EMBED_SWIFT_STANDARD_LIBRARIES = YES;
				BUNDLE_LOADER = "$(TEST_HOST)";
				CODE_SIGN_STYLE = Automatic;
				DEVELOPMENT_TEAM = ADP4VPSRLG;
				INFOPLIST_FILE = chatDemoTests/Info.plist;
				IPHONEOS_DEPLOYMENT_TARGET = 13.2;
				LD_RUNPATH_SEARCH_PATHS = (
					"$(inherited)",
					"@executable_path/Frameworks",
					"@loader_path/Frameworks",
				);
				PRODUCT_BUNDLE_IDENTIFIER = com.james.chatDemoTests;
				PRODUCT_NAME = "$(TARGET_NAME)";
				SWIFT_VERSION = 5.0;
				TARGETED_DEVICE_FAMILY = "1,2";
				TEST_HOST = "$(BUILT_PRODUCTS_DIR)/chatDemo.app/chatDemo";
			};
			name = Release;
		};
		04E2468A23C30B010054F441 /* Debug */ = {
			isa = XCBuildConfiguration;
			buildSettings = {
				ALWAYS_EMBED_SWIFT_STANDARD_LIBRARIES = YES;
				CODE_SIGN_STYLE = Automatic;
				DEVELOPMENT_TEAM = ADP4VPSRLG;
				INFOPLIST_FILE = chatDemoUITests/Info.plist;
				LD_RUNPATH_SEARCH_PATHS = (
					"$(inherited)",
					"@executable_path/Frameworks",
					"@loader_path/Frameworks",
				);
				PRODUCT_BUNDLE_IDENTIFIER = com.james.chatDemoUITests;
				PRODUCT_NAME = "$(TARGET_NAME)";
				SWIFT_VERSION = 5.0;
				TARGETED_DEVICE_FAMILY = "1,2";
				TEST_TARGET_NAME = chatDemo;
			};
			name = Debug;
		};
		04E2468B23C30B010054F441 /* Release */ = {
			isa = XCBuildConfiguration;
			buildSettings = {
				ALWAYS_EMBED_SWIFT_STANDARD_LIBRARIES = YES;
				CODE_SIGN_STYLE = Automatic;
				DEVELOPMENT_TEAM = ADP4VPSRLG;
				INFOPLIST_FILE = chatDemoUITests/Info.plist;
				LD_RUNPATH_SEARCH_PATHS = (
					"$(inherited)",
					"@executable_path/Frameworks",
					"@loader_path/Frameworks",
				);
				PRODUCT_BUNDLE_IDENTIFIER = com.james.chatDemoUITests;
				PRODUCT_NAME = "$(TARGET_NAME)";
				SWIFT_VERSION = 5.0;
				TARGETED_DEVICE_FAMILY = "1,2";
				TEST_TARGET_NAME = chatDemo;
			};
			name = Release;
		};
/* End XCBuildConfiguration section */

/* Begin XCConfigurationList section */
		04E2465423C30AFF0054F441 /* Build configuration list for PBXProject "chatDemo" */ = {
			isa = XCConfigurationList;
			buildConfigurations = (
				04E2468123C30B010054F441 /* Debug */,
				04E2468223C30B010054F441 /* Release */,
			);
			defaultConfigurationIsVisible = 0;
			defaultConfigurationName = Release;
		};
		04E2468323C30B010054F441 /* Build configuration list for PBXNativeTarget "chatDemo" */ = {
			isa = XCConfigurationList;
			buildConfigurations = (
				04E2468423C30B010054F441 /* Debug */,
				04E2468523C30B010054F441 /* Release */,
			);
			defaultConfigurationIsVisible = 0;
			defaultConfigurationName = Release;
		};
		04E2468623C30B010054F441 /* Build configuration list for PBXNativeTarget "chatDemoTests" */ = {
			isa = XCConfigurationList;
			buildConfigurations = (
				04E2468723C30B010054F441 /* Debug */,
				04E2468823C30B010054F441 /* Release */,
			);
			defaultConfigurationIsVisible = 0;
			defaultConfigurationName = Release;
		};
		04E2468923C30B010054F441 /* Build configuration list for PBXNativeTarget "chatDemoUITests" */ = {
			isa = XCConfigurationList;
			buildConfigurations = (
				04E2468A23C30B010054F441 /* Debug */,
				04E2468B23C30B010054F441 /* Release */,
			);
			defaultConfigurationIsVisible = 0;
			defaultConfigurationName = Release;
		};
/* End XCConfigurationList section */
	};
	rootObject = 04E2465123C30AFF0054F441 /* Project object */;
}
